// !$*UTF8*$!
{
	archiveVersion = 1;
	classes = {
	};
	objectVersion = 56;
	objects = {

/* Begin PBXBuildFile section */
		FB66FDF12B2F967000AD12BF /* FitstrailerApp.swift in Sources */ = {isa = PBXBuildFile; fileRef = FB66FDF02B2F967000AD12BF /* FitstrailerApp.swift */; };
		FB66FDF32B2F967000AD12BF /* ContentView.swift in Sources */ = {isa = PBXBuildFile; fileRef = FB66FDF22B2F967000AD12BF /* ContentView.swift */; };
		FB66FDF52B2F967000AD12BF /* Item.swift in Sources */ = {isa = PBXBuildFile; fileRef = FB66FDF42B2F967000AD12BF /* Item.swift */; };
		FB66FDF72B2F967100AD12BF /* Assets.xcassets in Resources */ = {isa = PBXBuildFile; fileRef = FB66FDF62B2F967100AD12BF /* Assets.xcassets */; };
		FB66FDFA2B2F967100AD12BF /* Preview Assets.xcassets in Resources */ = {isa = PBXBuildFile; fileRef = FB66FDF92B2F967100AD12BF /* Preview Assets.xcassets */; };
		FB66FE042B2F967100AD12BF /* FitstrailerTests.swift in Sources */ = {isa = PBXBuildFile; fileRef = FB66FE032B2F967100AD12BF /* FitstrailerTests.swift */; };
		FB66FE0E2B2F967100AD12BF /* FitstrailerUITests.swift in Sources */ = {isa = PBXBuildFile; fileRef = FB66FE0D2B2F967100AD12BF /* FitstrailerUITests.swift */; };
		FB66FE102B2F967100AD12BF /* FitstrailerUITestsLaunchTests.swift in Sources */ = {isa = PBXBuildFile; fileRef = FB66FE0F2B2F967100AD12BF /* FitstrailerUITestsLaunchTests.swift */; };
/* End PBXBuildFile section */

/* Begin PBXContainerItemProxy section */
		FB66FE002B2F967100AD12BF /* PBXContainerItemProxy */ = {
			isa = PBXContainerItemProxy;
			containerPortal = FB66FDE52B2F967000AD12BF /* Project object */;
			proxyType = 1;
			remoteGlobalIDString = FB66FDEC2B2F967000AD12BF;
			remoteInfo = Fitstrailer;
		};
		FB66FE0A2B2F967100AD12BF /* PBXContainerItemProxy */ = {
			isa = PBXContainerItemProxy;
			containerPortal = FB66FDE52B2F967000AD12BF /* Project object */;
			proxyType = 1;
			remoteGlobalIDString = FB66FDEC2B2F967000AD12BF;
			remoteInfo = Fitstrailer;
		};
/* End PBXContainerItemProxy section */

/* Begin PBXFileReference section */
		FB66FDED2B2F967000AD12BF /* Fitstrailer.app */ = {isa = PBXFileReference; explicitFileType = wrapper.application; includeInIndex = 0; path = Fitstrailer.app; sourceTree = BUILT_PRODUCTS_DIR; };
		FB66FDF02B2F967000AD12BF /* FitstrailerApp.swift */ = {isa = PBXFileReference; lastKnownFileType = sourcecode.swift; path = FitstrailerApp.swift; sourceTree = "<group>"; };
		FB66FDF22B2F967000AD12BF /* ContentView.swift */ = {isa = PBXFileReference; lastKnownFileType = sourcecode.swift; path = ContentView.swift; sourceTree = "<group>"; };
		FB66FDF42B2F967000AD12BF /* Item.swift */ = {isa = PBXFileReference; lastKnownFileType = sourcecode.swift; path = Item.swift; sourceTree = "<group>"; };
		FB66FDF62B2F967100AD12BF /* Assets.xcassets */ = {isa = PBXFileReference; lastKnownFileType = folder.assetcatalog; path = Assets.xcassets; sourceTree = "<group>"; };
		FB66FDF92B2F967100AD12BF /* Preview Assets.xcassets */ = {isa = PBXFileReference; lastKnownFileType = folder.assetcatalog; path = "Preview Assets.xcassets"; sourceTree = "<group>"; };
		FB66FDFF2B2F967100AD12BF /* FitstrailerTests.xctest */ = {isa = PBXFileReference; explicitFileType = wrapper.cfbundle; includeInIndex = 0; path = FitstrailerTests.xctest; sourceTree = BUILT_PRODUCTS_DIR; };
		FB66FE032B2F967100AD12BF /* FitstrailerTests.swift */ = {isa = PBXFileReference; lastKnownFileType = sourcecode.swift; path = FitstrailerTests.swift; sourceTree = "<group>"; };
		FB66FE092B2F967100AD12BF /* FitstrailerUITests.xctest */ = {isa = PBXFileReference; explicitFileType = wrapper.cfbundle; includeInIndex = 0; path = FitstrailerUITests.xctest; sourceTree = BUILT_PRODUCTS_DIR; };
		FB66FE0D2B2F967100AD12BF /* FitstrailerUITests.swift */ = {isa = PBXFileReference; lastKnownFileType = sourcecode.swift; path = FitstrailerUITests.swift; sourceTree = "<group>"; };
		FB66FE0F2B2F967100AD12BF /* FitstrailerUITestsLaunchTests.swift */ = {isa = PBXFileReference; lastKnownFileType = sourcecode.swift; path = FitstrailerUITestsLaunchTests.swift; sourceTree = "<group>"; };
/* End PBXFileReference section */

/* Begin PBXFrameworksBuildPhase section */
		FB66FDEA2B2F967000AD12BF /* Frameworks */ = {
			isa = PBXFrameworksBuildPhase;
			buildActionMask = 2147483647;
			files = (
			);
			runOnlyForDeploymentPostprocessing = 0;
		};
		FB66FDFC2B2F967100AD12BF /* Frameworks */ = {
			isa = PBXFrameworksBuildPhase;
			buildActionMask = 2147483647;
			files = (
			);
			runOnlyForDeploymentPostprocessing = 0;
		};
		FB66FE062B2F967100AD12BF /* Frameworks */ = {
			isa = PBXFrameworksBuildPhase;
			buildActionMask = 2147483647;
			files = (
			);
			runOnlyForDeploymentPostprocessing = 0;
		};
/* End PBXFrameworksBuildPhase section */

/* Begin PBXGroup section */
		FB66FDE42B2F967000AD12BF = {
			isa = PBXGroup;
			children = (
				FB66FDEF2B2F967000AD12BF /* Fitstrailer */,
				FB66FE022B2F967100AD12BF /* FitstrailerTests */,
				FB66FE0C2B2F967100AD12BF /* FitstrailerUITests */,
				FB66FDEE2B2F967000AD12BF /* Products */,
			);
			sourceTree = "<group>";
		};
		FB66FDEE2B2F967000AD12BF /* Products */ = {
			isa = PBXGroup;
			children = (
				FB66FDED2B2F967000AD12BF /* Fitstrailer.app */,
				FB66FDFF2B2F967100AD12BF /* FitstrailerTests.xctest */,
				FB66FE092B2F967100AD12BF /* FitstrailerUITests.xctest */,
			);
			name = Products;
			sourceTree = "<group>";
		};
		FB66FDEF2B2F967000AD12BF /* Fitstrailer */ = {
			isa = PBXGroup;
			children = (
				FB66FDF02B2F967000AD12BF /* FitstrailerApp.swift */,
				FB66FDF22B2F967000AD12BF /* ContentView.swift */,
				FB66FDF42B2F967000AD12BF /* Item.swift */,
				FB66FDF62B2F967100AD12BF /* Assets.xcassets */,
				FB66FDF82B2F967100AD12BF /* Preview Content */,
			);
			path = Fitstrailer;
			sourceTree = "<group>";
		};
		FB66FDF82B2F967100AD12BF /* Preview Content */ = {
			isa = PBXGroup;
			children = (
				FB66FDF92B2F967100AD12BF /* Preview Assets.xcassets */,
			);
			path = "Preview Content";
			sourceTree = "<group>";
		};
		FB66FE022B2F967100AD12BF /* FitstrailerTests */ = {
			isa = PBXGroup;
			children = (
				FB66FE032B2F967100AD12BF /* FitstrailerTests.swift */,
			);
			path = FitstrailerTests;
			sourceTree = "<group>";
		};
		FB66FE0C2B2F967100AD12BF /* FitstrailerUITests */ = {
			isa = PBXGroup;
			children = (
				FB66FE0D2B2F967100AD12BF /* FitstrailerUITests.swift */,
				FB66FE0F2B2F967100AD12BF /* FitstrailerUITestsLaunchTests.swift */,
			);
			path = FitstrailerUITests;
			sourceTree = "<group>";
		};
/* End PBXGroup section */

/* Begin PBXNativeTarget section */
		FB66FDEC2B2F967000AD12BF /* Fitstrailer */ = {
			isa = PBXNativeTarget;
			buildConfigurationList = FB66FE132B2F967100AD12BF /* Build configuration list for PBXNativeTarget "Fitstrailer" */;
			buildPhases = (
				FB66FDE92B2F967000AD12BF /* Sources */,
				FB66FDEA2B2F967000AD12BF /* Frameworks */,
				FB66FDEB2B2F967000AD12BF /* Resources */,
			);
			buildRules = (
			);
			dependencies = (
			);
			name = Fitstrailer;
			productName = Fitstrailer;
			productReference = FB66FDED2B2F967000AD12BF /* Fitstrailer.app */;
			productType = "com.apple.product-type.application";
		};
		FB66FDFE2B2F967100AD12BF /* FitstrailerTests */ = {
			isa = PBXNativeTarget;
			buildConfigurationList = FB66FE162B2F967100AD12BF /* Build configuration list for PBXNativeTarget "FitstrailerTests" */;
			buildPhases = (
				FB66FDFB2B2F967100AD12BF /* Sources */,
				FB66FDFC2B2F967100AD12BF /* Frameworks */,
				FB66FDFD2B2F967100AD12BF /* Resources */,
			);
			buildRules = (
			);
			dependencies = (
				FB66FE012B2F967100AD12BF /* PBXTargetDependency */,
			);
			name = FitstrailerTests;
			productName = FitstrailerTests;
			productReference = FB66FDFF2B2F967100AD12BF /* FitstrailerTests.xctest */;
			productType = "com.apple.product-type.bundle.unit-test";
		};
		FB66FE082B2F967100AD12BF /* FitstrailerUITests */ = {
			isa = PBXNativeTarget;
			buildConfigurationList = FB66FE192B2F967100AD12BF /* Build configuration list for PBXNativeTarget "FitstrailerUITests" */;
			buildPhases = (
				FB66FE052B2F967100AD12BF /* Sources */,
				FB66FE062B2F967100AD12BF /* Frameworks */,
				FB66FE072B2F967100AD12BF /* Resources */,
			);
			buildRules = (
			);
			dependencies = (
				FB66FE0B2B2F967100AD12BF /* PBXTargetDependency */,
			);
			name = FitstrailerUITests;
			productName = FitstrailerUITests;
			productReference = FB66FE092B2F967100AD12BF /* FitstrailerUITests.xctest */;
			productType = "com.apple.product-type.bundle.ui-testing";
		};
/* End PBXNativeTarget section */

/* Begin PBXProject section */
		FB66FDE52B2F967000AD12BF /* Project object */ = {
			isa = PBXProject;
			attributes = {
				BuildIndependentTargetsInParallel = 1;
				LastSwiftUpdateCheck = 1500;
				LastUpgradeCheck = 1500;
				TargetAttributes = {
					FB66FDEC2B2F967000AD12BF = {
						CreatedOnToolsVersion = 15.0.1;
					};
					FB66FDFE2B2F967100AD12BF = {
						CreatedOnToolsVersion = 15.0.1;
						TestTargetID = FB66FDEC2B2F967000AD12BF;
					};
					FB66FE082B2F967100AD12BF = {
						CreatedOnToolsVersion = 15.0.1;
						TestTargetID = FB66FDEC2B2F967000AD12BF;
					};
				};
			};
			buildConfigurationList = FB66FDE82B2F967000AD12BF /* Build configuration list for PBXProject "Fitstrailer" */;
			compatibilityVersion = "Xcode 14.0";
			developmentRegion = en;
			hasScannedForEncodings = 0;
			knownRegions = (
				en,
				Base,
			);
			mainGroup = FB66FDE42B2F967000AD12BF;
			productRefGroup = FB66FDEE2B2F967000AD12BF /* Products */;
			projectDirPath = "";
			projectRoot = "";
			targets = (
				FB66FDEC2B2F967000AD12BF /* Fitstrailer */,
				FB66FDFE2B2F967100AD12BF /* FitstrailerTests */,
				FB66FE082B2F967100AD12BF /* FitstrailerUITests */,
			);
		};
/* End PBXProject section */

/* Begin PBXResourcesBuildPhase section */
		FB66FDEB2B2F967000AD12BF /* Resources */ = {
			isa = PBXResourcesBuildPhase;
			buildActionMask = 2147483647;
			files = (
				FB66FDFA2B2F967100AD12BF /* Preview Assets.xcassets in Resources */,
				FB66FDF72B2F967100AD12BF /* Assets.xcassets in Resources */,
			);
			runOnlyForDeploymentPostprocessing = 0;
		};
		FB66FDFD2B2F967100AD12BF /* Resources */ = {
			isa = PBXResourcesBuildPhase;
			buildActionMask = 2147483647;
			files = (
			);
			runOnlyForDeploymentPostprocessing = 0;
		};
		FB66FE072B2F967100AD12BF /* Resources */ = {
			isa = PBXResourcesBuildPhase;
			buildActionMask = 2147483647;
			files = (
			);
			runOnlyForDeploymentPostprocessing = 0;
		};
/* End PBXResourcesBuildPhase section */

/* Begin PBXSourcesBuildPhase section */
		FB66FDE92B2F967000AD12BF /* Sources */ = {
			isa = PBXSourcesBuildPhase;
			buildActionMask = 2147483647;
			files = (
				FB66FDF32B2F967000AD12BF /* ContentView.swift in Sources */,
				FB66FDF52B2F967000AD12BF /* Item.swift in Sources */,
				FB66FDF12B2F967000AD12BF /* FitstrailerApp.swift in Sources */,
			);
			runOnlyForDeploymentPostprocessing = 0;
		};
		FB66FDFB2B2F967100AD12BF /* Sources */ = {
			isa = PBXSourcesBuildPhase;
			buildActionMask = 2147483647;
			files = (
				FB66FE042B2F967100AD12BF /* FitstrailerTests.swift in Sources */,
			);
			runOnlyForDeploymentPostprocessing = 0;
		};
		FB66FE052B2F967100AD12BF /* Sources */ = {
			isa = PBXSourcesBuildPhase;
			buildActionMask = 2147483647;
			files = (
				FB66FE102B2F967100AD12BF /* FitstrailerUITestsLaunchTests.swift in Sources */,
				FB66FE0E2B2F967100AD12BF /* FitstrailerUITests.swift in Sources */,
			);
			runOnlyForDeploymentPostprocessing = 0;
		};
/* End PBXSourcesBuildPhase section */

/* Begin PBXTargetDependency section */
		FB66FE012B2F967100AD12BF /* PBXTargetDependency */ = {
			isa = PBXTargetDependency;
			target = FB66FDEC2B2F967000AD12BF /* Fitstrailer */;
			targetProxy = FB66FE002B2F967100AD12BF /* PBXContainerItemProxy */;
		};
		FB66FE0B2B2F967100AD12BF /* PBXTargetDependency */ = {
			isa = PBXTargetDependency;
			target = FB66FDEC2B2F967000AD12BF /* Fitstrailer */;
			targetProxy = FB66FE0A2B2F967100AD12BF /* PBXContainerItemProxy */;
		};
/* End PBXTargetDependency section */

/* Begin XCBuildConfiguration section */
		FB66FE112B2F967100AD12BF /* Debug */ = {
			isa = XCBuildConfiguration;
			buildSettings = {
				ALWAYS_SEARCH_USER_PATHS = NO;
				ASSETCATALOG_COMPILER_GENERATE_SWIFT_ASSET_SYMBOL_EXTENSIONS = YES;
				CLANG_ANALYZER_NONNULL = YES;
				CLANG_ANALYZER_NUMBER_OBJECT_CONVERSION = YES_AGGRESSIVE;
				CLANG_CXX_LANGUAGE_STANDARD = "gnu++20";
				CLANG_ENABLE_MODULES = YES;
				CLANG_ENABLE_OBJC_ARC = YES;
				CLANG_ENABLE_OBJC_WEAK = YES;
				CLANG_WARN_BLOCK_CAPTURE_AUTORELEASING = YES;
				CLANG_WARN_BOOL_CONVERSION = YES;
				CLANG_WARN_COMMA = YES;
				CLANG_WARN_CONSTANT_CONVERSION = YES;
				CLANG_WARN_DEPRECATED_OBJC_IMPLEMENTATIONS = YES;
				CLANG_WARN_DIRECT_OBJC_ISA_USAGE = YES_ERROR;
				CLANG_WARN_DOCUMENTATION_COMMENTS = YES;
				CLANG_WARN_EMPTY_BODY = YES;
				CLANG_WARN_ENUM_CONVERSION = YES;
				CLANG_WARN_INFINITE_RECURSION = YES;
				CLANG_WARN_INT_CONVERSION = YES;
				CLANG_WARN_NON_LITERAL_NULL_CONVERSION = YES;
				CLANG_WARN_OBJC_IMPLICIT_RETAIN_SELF = YES;
				CLANG_WARN_OBJC_LITERAL_CONVERSION = YES;
				CLANG_WARN_OBJC_ROOT_CLASS = YES_ERROR;
				CLANG_WARN_QUOTED_INCLUDE_IN_FRAMEWORK_HEADER = YES;
				CLANG_WARN_RANGE_LOOP_ANALYSIS = YES;
				CLANG_WARN_STRICT_PROTOTYPES = YES;
				CLANG_WARN_SUSPICIOUS_MOVE = YES;
				CLANG_WARN_UNGUARDED_AVAILABILITY = YES_AGGRESSIVE;
				CLANG_WARN_UNREACHABLE_CODE = YES;
				CLANG_WARN__DUPLICATE_METHOD_MATCH = YES;
				COPY_PHASE_STRIP = NO;
				DEBUG_INFORMATION_FORMAT = dwarf;
				ENABLE_STRICT_OBJC_MSGSEND = YES;
				ENABLE_TESTABILITY = YES;
				ENABLE_USER_SCRIPT_SANDBOXING = YES;
				GCC_C_LANGUAGE_STANDARD = gnu17;
				GCC_DYNAMIC_NO_PIC = NO;
				GCC_NO_COMMON_BLOCKS = YES;
				GCC_OPTIMIZATION_LEVEL = 0;
				GCC_PREPROCESSOR_DEFINITIONS = (
					"DEBUG=1",
					"$(inherited)",
				);
				GCC_WARN_64_TO_32_BIT_CONVERSION = YES;
				GCC_WARN_ABOUT_RETURN_TYPE = YES_ERROR;
				GCC_WARN_UNDECLARED_SELECTOR = YES;
				GCC_WARN_UNINITIALIZED_AUTOS = YES_AGGRESSIVE;
				GCC_WARN_UNUSED_FUNCTION = YES;
				GCC_WARN_UNUSED_VARIABLE = YES;
				IPHONEOS_DEPLOYMENT_TARGET = 17.0;
				LOCALIZATION_PREFERS_STRING_CATALOGS = YES;
				MTL_ENABLE_DEBUG_INFO = INCLUDE_SOURCE;
				MTL_FAST_MATH = YES;
				ONLY_ACTIVE_ARCH = YES;
				SDKROOT = iphoneos;
				SWIFT_ACTIVE_COMPILATION_CONDITIONS = "DEBUG $(inherited)";
				SWIFT_OPTIMIZATION_LEVEL = "-Onone";
			};
			name = Debug;
		};
		FB66FE122B2F967100AD12BF /* Release */ = {
			isa = XCBuildConfiguration;
			buildSettings = {
				ALWAYS_SEARCH_USER_PATHS = NO;
				ASSETCATALOG_COMPILER_GENERATE_SWIFT_ASSET_SYMBOL_EXTENSIONS = YES;
				CLANG_ANALYZER_NONNULL = YES;
				CLANG_ANALYZER_NUMBER_OBJECT_CONVERSION = YES_AGGRESSIVE;
				CLANG_CXX_LANGUAGE_STANDARD = "gnu++20";
				CLANG_ENABLE_MODULES = YES;
				CLANG_ENABLE_OBJC_ARC = YES;
				CLANG_ENABLE_OBJC_WEAK = YES;
				CLANG_WARN_BLOCK_CAPTURE_AUTORELEASING = YES;
				CLANG_WARN_BOOL_CONVERSION = YES;
				CLANG_WARN_COMMA = YES;
				CLANG_WARN_CONSTANT_CONVERSION = YES;
				CLANG_WARN_DEPRECATED_OBJC_IMPLEMENTATIONS = YES;
				CLANG_WARN_DIRECT_OBJC_ISA_USAGE = YES_ERROR;
				CLANG_WARN_DOCUMENTATION_COMMENTS = YES;
				CLANG_WARN_EMPTY_BODY = YES;
				CLANG_WARN_ENUM_CONVERSION = YES;
				CLANG_WARN_INFINITE_RECURSION = YES;
				CLANG_WARN_INT_CONVERSION = YES;
				CLANG_WARN_NON_LITERAL_NULL_CONVERSION = YES;
				CLANG_WARN_OBJC_IMPLICIT_RETAIN_SELF = YES;
				CLANG_WARN_OBJC_LITERAL_CONVERSION = YES;
				CLANG_WARN_OBJC_ROOT_CLASS = YES_ERROR;
				CLANG_WARN_QUOTED_INCLUDE_IN_FRAMEWORK_HEADER = YES;
				CLANG_WARN_RANGE_LOOP_ANALYSIS = YES;
				CLANG_WARN_STRICT_PROTOTYPES = YES;
				CLANG_WARN_SUSPICIOUS_MOVE = YES;
				CLANG_WARN_UNGUARDED_AVAILABILITY = YES_AGGRESSIVE;
				CLANG_WARN_UNREACHABLE_CODE = YES;
				CLANG_WARN__DUPLICATE_METHOD_MATCH = YES;
				COPY_PHASE_STRIP = NO;
				DEBUG_INFORMATION_FORMAT = "dwarf-with-dsym";
				ENABLE_NS_ASSERTIONS = NO;
				ENABLE_STRICT_OBJC_MSGSEND = YES;
				ENABLE_USER_SCRIPT_SANDBOXING = YES;
				GCC_C_LANGUAGE_STANDARD = gnu17;
				GCC_NO_COMMON_BLOCKS = YES;
				GCC_WARN_64_TO_32_BIT_CONVERSION = YES;
				GCC_WARN_ABOUT_RETURN_TYPE = YES_ERROR;
				GCC_WARN_UNDECLARED_SELECTOR = YES;
				GCC_WARN_UNINITIALIZED_AUTOS = YES_AGGRESSIVE;
				GCC_WARN_UNUSED_FUNCTION = YES;
				GCC_WARN_UNUSED_VARIABLE = YES;
				IPHONEOS_DEPLOYMENT_TARGET = 17.0;
				LOCALIZATION_PREFERS_STRING_CATALOGS = YES;
				MTL_ENABLE_DEBUG_INFO = NO;
				MTL_FAST_MATH = YES;
				SDKROOT = iphoneos;
				SWIFT_COMPILATION_MODE = wholemodule;
				VALIDATE_PRODUCT = YES;
			};
			name = Release;
		};
		FB66FE142B2F967100AD12BF /* Debug */ = {
			isa = XCBuildConfiguration;
			buildSettings = {
				ASSETCATALOG_COMPILER_APPICON_NAME = AppIcon;
				ASSETCATALOG_COMPILER_GLOBAL_ACCENT_COLOR_NAME = AccentColor;
				CODE_SIGN_STYLE = Automatic;
				CURRENT_PROJECT_VERSION = 1;
				DEVELOPMENT_ASSET_PATHS = "\"Fitstrailer/Preview Content\"";
				DEVELOPMENT_TEAM = TU6A9VFP8M;
				ENABLE_PREVIEWS = YES;
				GENERATE_INFOPLIST_FILE = YES;
				INFOPLIST_KEY_UIApplicationSceneManifest_Generation = YES;
				INFOPLIST_KEY_UIApplicationSupportsIndirectInputEvents = YES;
				INFOPLIST_KEY_UILaunchScreen_Generation = YES;
				INFOPLIST_KEY_UISupportedInterfaceOrientations_iPad = "UIInterfaceOrientationPortrait UIInterfaceOrientationPortraitUpsideDown UIInterfaceOrientationLandscapeLeft UIInterfaceOrientationLandscapeRight";
				INFOPLIST_KEY_UISupportedInterfaceOrientations_iPhone = "UIInterfaceOrientationPortrait UIInterfaceOrientationLandscapeLeft UIInterfaceOrientationLandscapeRight";
				LD_RUNPATH_SEARCH_PATHS = (
					"$(inherited)",
					"@executable_path/Frameworks",
				);
				MARKETING_VERSION = 1.0;
				PRODUCT_BUNDLE_IDENTIFIER = appgea.Fitstrailer;
				PRODUCT_NAME = "$(TARGET_NAME)";
				SWIFT_EMIT_LOC_STRINGS = YES;
				SWIFT_VERSION = 5.0;
				TARGETED_DEVICE_FAMILY = "1,2";
			};
			name = Debug;
		};
		FB66FE152B2F967100AD12BF /* Release */ = {
			isa = XCBuildConfiguration;
			buildSettings = {
				ASSETCATALOG_COMPILER_APPICON_NAME = AppIcon;
				ASSETCATALOG_COMPILER_GLOBAL_ACCENT_COLOR_NAME = AccentColor;
				CODE_SIGN_STYLE = Automatic;
				CURRENT_PROJECT_VERSION = 1;
				DEVELOPMENT_ASSET_PATHS = "\"Fitstrailer/Preview Content\"";
				DEVELOPMENT_TEAM = TU6A9VFP8M;
				ENABLE_PREVIEWS = YES;
				GENERATE_INFOPLIST_FILE = YES;
				INFOPLIST_KEY_UIApplicationSceneManifest_Generation = YES;
				INFOPLIST_KEY_UIApplicationSupportsIndirectInputEvents = YES;
				INFOPLIST_KEY_UILaunchScreen_Generation = YES;
				INFOPLIST_KEY_UISupportedInterfaceOrientations_iPad = "UIInterfaceOrientationPortrait UIInterfaceOrientationPortraitUpsideDown UIInterfaceOrientationLandscapeLeft UIInterfaceOrientationLandscapeRight";
				INFOPLIST_KEY_UISupportedInterfaceOrientations_iPhone = "UIInterfaceOrientationPortrait UIInterfaceOrientationLandscapeLeft UIInterfaceOrientationLandscapeRight";
				LD_RUNPATH_SEARCH_PATHS = (
					"$(inherited)",
					"@executable_path/Frameworks",
				);
				MARKETING_VERSION = 1.0;
				PRODUCT_BUNDLE_IDENTIFIER = appgea.Fitstrailer;
				PRODUCT_NAME = "$(TARGET_NAME)";
				SWIFT_EMIT_LOC_STRINGS = YES;
				SWIFT_VERSION = 5.0;
				TARGETED_DEVICE_FAMILY = "1,2";
			};
			name = Release;
		};
		FB66FE172B2F967100AD12BF /* Debug */ = {
			isa = XCBuildConfiguration;
			buildSettings = {
				ALWAYS_EMBED_SWIFT_STANDARD_LIBRARIES = YES;
				BUNDLE_LOADER = "$(TEST_HOST)";
				CODE_SIGN_STYLE = Automatic;
				CURRENT_PROJECT_VERSION = 1;
				DEVELOPMENT_TEAM = TU6A9VFP8M;
				GENERATE_INFOPLIST_FILE = YES;
				IPHONEOS_DEPLOYMENT_TARGET = 17.0;
				MARKETING_VERSION = 1.0;
				PRODUCT_BUNDLE_IDENTIFIER = appgea.FitstrailerTests;
				PRODUCT_NAME = "$(TARGET_NAME)";
				SWIFT_EMIT_LOC_STRINGS = NO;
				SWIFT_VERSION = 5.0;
				TARGETED_DEVICE_FAMILY = "1,2";
				TEST_HOST = "$(BUILT_PRODUCTS_DIR)/Fitstrailer.app/$(BUNDLE_EXECUTABLE_FOLDER_PATH)/Fitstrailer";
			};
			name = Debug;
		};
		FB66FE182B2F967100AD12BF /* Release */ = {
			isa = XCBuildConfiguration;
			buildSettings = {
				ALWAYS_EMBED_SWIFT_STANDARD_LIBRARIES = YES;
				BUNDLE_LOADER = "$(TEST_HOST)";
				CODE_SIGN_STYLE = Automatic;
				CURRENT_PROJECT_VERSION = 1;
				DEVELOPMENT_TEAM = TU6A9VFP8M;
				GENERATE_INFOPLIST_FILE = YES;
				IPHONEOS_DEPLOYMENT_TARGET = 17.0;
				MARKETING_VERSION = 1.0;
				PRODUCT_BUNDLE_IDENTIFIER = appgea.FitstrailerTests;
				PRODUCT_NAME = "$(TARGET_NAME)";
				SWIFT_EMIT_LOC_STRINGS = NO;
				SWIFT_VERSION = 5.0;
				TARGETED_DEVICE_FAMILY = "1,2";
				TEST_HOST = "$(BUILT_PRODUCTS_DIR)/Fitstrailer.app/$(BUNDLE_EXECUTABLE_FOLDER_PATH)/Fitstrailer";
			};
			name = Release;
		};
		FB66FE1A2B2F967100AD12BF /* Debug */ = {
			isa = XCBuildConfiguration;
			buildSettings = {
				ALWAYS_EMBED_SWIFT_STANDARD_LIBRARIES = YES;
				CODE_SIGN_STYLE = Automatic;
				CURRENT_PROJECT_VERSION = 1;
				DEVELOPMENT_TEAM = TU6A9VFP8M;
				GENERATE_INFOPLIST_FILE = YES;
				MARKETING_VERSION = 1.0;
				PRODUCT_BUNDLE_IDENTIFIER = appgea.FitstrailerUITests;
				PRODUCT_NAME = "$(TARGET_NAME)";
				SWIFT_EMIT_LOC_STRINGS = NO;
				SWIFT_VERSION = 5.0;
				TARGETED_DEVICE_FAMILY = "1,2";
				TEST_TARGET_NAME = Fitstrailer;
			};
			name = Debug;
		};
		FB66FE1B2B2F967100AD12BF /* Release */ = {
			isa = XCBuildConfiguration;
			buildSettings = {
				ALWAYS_EMBED_SWIFT_STANDARD_LIBRARIES = YES;
				CODE_SIGN_STYLE = Automatic;
				CURRENT_PROJECT_VERSION = 1;
				DEVELOPMENT_TEAM = TU6A9VFP8M;
				GENERATE_INFOPLIST_FILE = YES;
				MARKETING_VERSION = 1.0;
				PRODUCT_BUNDLE_IDENTIFIER = appgea.FitstrailerUITests;
				PRODUCT_NAME = "$(TARGET_NAME)";
				SWIFT_EMIT_LOC_STRINGS = NO;
				SWIFT_VERSION = 5.0;
				TARGETED_DEVICE_FAMILY = "1,2";
				TEST_TARGET_NAME = Fitstrailer;
			};
			name = Release;
		};
/* End XCBuildConfiguration section */

/* Begin XCConfigurationList section */
		FB66FDE82B2F967000AD12BF /* Build configuration list for PBXProject "Fitstrailer" */ = {
			isa = XCConfigurationList;
			buildConfigurations = (
				FB66FE112B2F967100AD12BF /* Debug */,
				FB66FE122B2F967100AD12BF /* Release */,
			);
			defaultConfigurationIsVisible = 0;
			defaultConfigurationName = Release;
		};
		FB66FE132B2F967100AD12BF /* Build configuration list for PBXNativeTarget "Fitstrailer" */ = {
			isa = XCConfigurationList;
			buildConfigurations = (
				FB66FE142B2F967100AD12BF /* Debug */,
				FB66FE152B2F967100AD12BF /* Release */,
			);
			defaultConfigurationIsVisible = 0;
			defaultConfigurationName = Release;
		};
		FB66FE162B2F967100AD12BF /* Build configuration list for PBXNativeTarget "FitstrailerTests" */ = {
			isa = XCConfigurationList;
			buildConfigurations = (
				FB66FE172B2F967100AD12BF /* Debug */,
				FB66FE182B2F967100AD12BF /* Release */,
			);
			defaultConfigurationIsVisible = 0;
			defaultConfigurationName = Release;
		};
		FB66FE192B2F967100AD12BF /* Build configuration list for PBXNativeTarget "FitstrailerUITests" */ = {
			isa = XCConfigurationList;
			buildConfigurations = (
				FB66FE1A2B2F967100AD12BF /* Debug */,
				FB66FE1B2B2F967100AD12BF /* Release */,
			);
			defaultConfigurationIsVisible = 0;
			defaultConfigurationName = Release;
		};
/* End XCConfigurationList section */
	};
	rootObject = FB66FDE52B2F967000AD12BF /* Project object */;
}
